{
  "version": 4,
  "terraform_version": "1.6.3",
  "serial": 52,
  "lineage": "996ce02f-95d6-65a7-64e4-ca25e6be75c4",
  "outputs": {
    "Ansible-ControlNode-PublicIP": {
      "value": "54.144.228.139",
      "type": "string"
    }
  },
  "resources": [
    {
      "mode": "data",
      "type": "aws_ssm_parameter",
      "name": "webserver-ami",
      "provider": "provider[\"registry.terraform.io/hashicorp/aws\"]",
      "instances": [
        {
          "schema_version": 0,
          "attributes": {
            "arn": "arn:aws:ssm:us-east-1::parameter/aws/service/ami-amazon-linux-latest/amzn2-ami-hvm-x86_64-gp2",
            "id": "/aws/service/ami-amazon-linux-latest/amzn2-ami-hvm-x86_64-gp2",
            "name": "/aws/service/ami-amazon-linux-latest/amzn2-ami-hvm-x86_64-gp2",
            "type": "String",
            "value": "ami-0588935a949f9ff17",
            "version": 102,
            "with_decryption": true
          },
          "sensitive_attributes": []
        }
      ]
    },
    {
      "mode": "managed",
      "type": "aws_instance",
      "name": "example",
      "provider": "provider[\"registry.terraform.io/hashicorp/aws\"]",
      "instances": [
        {
          "schema_version": 1,
          "attributes": {
            "ami": "ami-0588935a949f9ff17",
            "arn": "arn:aws:ec2:us-east-1:042146587124:instance/i-08e2993c765c5b9e5",
            "associate_public_ip_address": true,
            "availability_zone": "us-east-1d",
            "capacity_reservation_specification": [
              {
                "capacity_reservation_preference": "open",
                "capacity_reservation_target": []
              }
            ],
            "cpu_core_count": 1,
            "cpu_options": [
              {
                "amd_sev_snp": "",
                "core_count": 1,
                "threads_per_core": 1
              }
            ],
            "cpu_threads_per_core": 1,
            "credit_specification": [
              {
                "cpu_credits": "standard"
              }
            ],
            "disable_api_stop": false,
            "disable_api_termination": false,
            "ebs_block_device": [],
            "ebs_optimized": false,
            "enclave_options": [
              {
                "enabled": false
              }
            ],
            "ephemeral_block_device": [],
            "get_password_data": false,
            "hibernation": false,
            "host_id": "",
            "host_resource_group_arn": null,
            "iam_instance_profile": "",
            "id": "i-08e2993c765c5b9e5",
            "instance_initiated_shutdown_behavior": "stop",
            "instance_state": "running",
            "instance_type": "t2.micro",
            "ipv6_address_count": 0,
            "ipv6_addresses": [],
            "key_name": "ansible-control",
            "launch_template": [],
            "maintenance_options": [
              {
                "auto_recovery": "default"
              }
            ],
            "metadata_options": [
              {
                "http_endpoint": "enabled",
                "http_put_response_hop_limit": 1,
                "http_tokens": "optional",
                "instance_metadata_tags": "disabled"
              }
            ],
            "monitoring": false,
            "network_interface": [],
            "outpost_arn": "",
            "password_data": "",
            "placement_group": "",
            "placement_partition_number": 0,
            "primary_network_interface_id": "eni-0e9233d0985ef8d49",
            "private_dns": "ip-172-31-27-12.ec2.internal",
            "private_dns_name_options": [
              {
                "enable_resource_name_dns_a_record": false,
                "enable_resource_name_dns_aaaa_record": false,
                "hostname_type": "ip-name"
              }
            ],
            "private_ip": "172.31.27.12",
            "public_dns": "ec2-54-144-228-139.compute-1.amazonaws.com",
            "public_ip": "54.144.228.139",
            "root_block_device": [
              {
                "delete_on_termination": true,
                "device_name": "/dev/xvda",
                "encrypted": false,
                "iops": 100,
                "kms_key_id": "",
                "tags": {},
                "throughput": 0,
                "volume_id": "vol-031fd5d4daa9e8ec8",
                "volume_size": 8,
                "volume_type": "gp2"
              }
            ],
            "secondary_private_ips": [],
            "security_groups": [
              "ansible-security-group"
            ],
            "source_dest_check": true,
            "subnet_id": "subnet-0c430cb0209419ab0",
            "tags": {
              "Name": "ansible_control_node"
            },
            "tags_all": {
              "Name": "ansible_control_node"
            },
            "tenancy": "default",
            "timeouts": null,
            "user_data": null,
            "user_data_base64": null,
            "user_data_replace_on_change": false,
            "volume_tags": null,
            "vpc_security_group_ids": [
              "sg-035c288960c77f1dc"
            ]
          },
          "sensitive_attributes": [
            [
              {
                "type": "get_attr",
                "value": "ami"
              }
            ]
          ],
          "private": "eyJlMmJmYjczMC1lY2FhLTExZTYtOGY4OC0zNDM2M2JjN2M0YzAiOnsiY3JlYXRlIjo2MDAwMDAwMDAwMDAsImRlbGV0ZSI6MTIwMDAwMDAwMDAwMCwidXBkYXRlIjo2MDAwMDAwMDAwMDB9LCJzY2hlbWFfdmVyc2lvbiI6IjEifQ==",
          "dependencies": [
            "aws_key_pair.aws-key",
            "aws_security_group.instance",
            "data.aws_ssm_parameter.webserver-ami"
          ]
        }
      ]
    },
    {
      "mode": "managed",
      "type": "aws_key_pair",
      "name": "aws-key",
      "provider": "provider[\"registry.terraform.io/hashicorp/aws\"]",
      "instances": [
        {
          "schema_version": 1,
          "attributes": {
            "arn": "arn:aws:ec2:us-east-1:042146587124:key-pair/ansible-control",
            "fingerprint": "5e:55:0b:a8:c6:38:5d:65:9f:80:f5:d7:1a:dc:8b:83",
            "id": "ansible-control",
            "key_name": "ansible-control",
            "key_name_prefix": "",
            "key_pair_id": "key-0a6142c977903a3ef",
            "key_type": "rsa",
            "public_key": "ssh-rsa AAAAB3NzaC1yc2EAAAADAQABAAABgQCz38jeaw5TC2JIVKV2R0mjgvCKoa8FVi8KJnHJeN9yu0FcMdFONHcin3xhdOmA1YibPjaFxF4we2eX6jgyikDzDGURwoOdnSajUIFWV8H4SvrFw0suf6hVkcvPGHaFCiOLbi7I2eK9cSztf/KZL2v+q1iTtsdIFUkoZGYTwUUgGjSZzQt+d3mtejBO8K0VUvTV6qzls8DhI/RimU+GxCF4PApP5IVYg1Luy5cWhvAhNlMaoZZiwcMZSGegTdmhrknyI88NEtCPXmQQ6IYV+3xKhKkUnLePaUlSGdbz044iRiKkX4F55Sdi+vpcZNAHty+mw4Uw3+KnEJrgh7NRKaeLywDaZDqXnkVSyQaujIekZLVzOI02DxUtIWWXBEW7PsMPEyPSpR9mc6OCbIS1+816u4rbOycWoSywkt4Mxff05STS06ZRmL37Bi+judnlpEFbo1O0ywQdX1WDUaO0i69aKyTLGu53OFaIeY7kzPulpZsG9tDUN3R5mBhsnJS4v38= jayap@JS",
            "tags": null,
            "tags_all": {}
          },
          "sensitive_attributes": [],
          "private": "eyJzY2hlbWFfdmVyc2lvbiI6IjEifQ=="
        }
      ]
    },
    {
      "mode": "managed",
      "type": "aws_security_group",
      "name": "instance",
      "provider": "provider[\"registry.terraform.io/hashicorp/aws\"]",
      "instances": [
        {
          "schema_version": 1,
          "attributes": {
            "arn": "arn:aws:ec2:us-east-1:042146587124:security-group/sg-035c288960c77f1dc",
            "description": "Managed by Terraform",
            "egress": [
              {
                "cidr_blocks": [
                  "0.0.0.0/0"
                ],
                "description": "",
                "from_port": 0,
                "ipv6_cidr_blocks": [],
                "prefix_list_ids": [],
                "protocol": "-1",
                "security_groups": [],
                "self": false,
                "to_port": 0
              }
            ],
            "id": "sg-035c288960c77f1dc",
            "ingress": [
              {
                "cidr_blocks": [
                  "0.0.0.0/0"
                ],
                "description": "Allow SSH traffic",
                "from_port": 22,
                "ipv6_cidr_blocks": [],
                "prefix_list_ids": [],
                "protocol": "tcp",
                "security_groups": [],
                "self": false,
                "to_port": 22
              },
              {
                "cidr_blocks": [
                  "0.0.0.0/0"
                ],
                "description": "Allow SSH traffic",
                "from_port": 80,
                "ipv6_cidr_blocks": [],
                "prefix_list_ids": [],
                "protocol": "tcp",
                "security_groups": [],
                "self": false,
                "to_port": 80
              }
            ],
            "name": "ansible-security-group",
            "name_prefix": "",
            "owner_id": "042146587124",
            "revoke_rules_on_delete": false,
            "tags": null,
            "tags_all": {},
            "timeouts": null,
            "vpc_id": "vpc-0db05972324da6e84"
          },
          "sensitive_attributes": [],
          "private": "eyJlMmJmYjczMC1lY2FhLTExZTYtOGY4OC0zNDM2M2JjN2M0YzAiOnsiY3JlYXRlIjo2MDAwMDAwMDAwMDAsImRlbGV0ZSI6OTAwMDAwMDAwMDAwfSwic2NoZW1hX3ZlcnNpb24iOiIxIn0="
        }
      ]
    }
  ],
  "check_results": null
}
